
Microsoft Visual Studio Solution File, Format Version 12.00
# Visual Studio Version 16
VisualStudioVersion = 16.0.33529.622
MinimumVisualStudioVersion = 10.0.40219.1
Project("{F184B08F-C81C-45F6-A57F-5ABD9991F28F}") = "S4E_Project", "S4E_Project\S4E_Project.vbproj", "{CD8E53D2-B177-494B-AE08-1CEEF98E43D7}"
EndProject
Project("{F184B08F-C81C-45F6-A57F-5ABD9991F28F}") = "BLL", "BLL\BLL.vbproj", "{9144BD6E-776B-4369-B03B-363C3DB437FC}"
EndProject
Project("{F184B08F-C81C-45F6-A57F-5ABD9991F28F}") = "DAL", "DAL\DAL.vbproj", "{8E29115B-3EA0-49A4-AE51-7F4187E7F356}"
EndProject
Project("{F184B08F-C81C-45F6-A57F-5ABD9991F28F}") = "DTO", "DTO\DTO.vbproj", "{98511B1F-1E78-4326-AE57-3BFFC78F9282}"
EndProject
Global
	GlobalSection(SolutionConfigurationPlatforms) = preSolution
		Debug|Any CPU = Debug|Any CPU
		Release|Any CPU = Release|Any CPU
	EndGlobalSection
	GlobalSection(ProjectConfigurationPlatforms) = postSolution
		{CD8E53D2-B177-494B-AE08-1CEEF98E43D7}.Debug|Any CPU.ActiveCfg = Debug|Any CPU
		{CD8E53D2-B177-494B-AE08-1CEEF98E43D7}.Debug|Any CPU.Build.0 = Debug|Any CPU
		{CD8E53D2-B177-494B-AE08-1CEEF98E43D7}.Release|Any CPU.ActiveCfg = Release|Any CPU
		{CD8E53D2-B177-494B-AE08-1CEEF98E43D7}.Release|Any CPU.Build.0 = Release|Any CPU
		{9144BD6E-776B-4369-B03B-363C3DB437FC}.Debug|Any CPU.ActiveCfg = Debug|Any CPU
		{9144BD6E-776B-4369-B03B-363C3DB437FC}.Debug|Any CPU.Build.0 = Debug|Any CPU
		{9144BD6E-776B-4369-B03B-363C3DB437FC}.Release|Any CPU.ActiveCfg = Release|Any CPU
		{9144BD6E-776B-4369-B03B-363C3DB437FC}.Release|Any CPU.Build.0 = Release|Any CPU
		{8E29115B-3EA0-49A4-AE51-7F4187E7F356}.Debug|Any CPU.ActiveCfg = Debug|Any CPU
		{8E29115B-3EA0-49A4-AE51-7F4187E7F356}.Debug|Any CPU.Build.0 = Debug|Any CPU
		{8E29115B-3EA0-49A4-AE51-7F4187E7F356}.Release|Any CPU.ActiveCfg = Release|Any CPU
		{8E29115B-3EA0-49A4-AE51-7F4187E7F356}.Release|Any CPU.Build.0 = Release|Any CPU
		{98511B1F-1E78-4326-AE57-3BFFC78F9282}.Debug|Any CPU.ActiveCfg = Debug|Any CPU
		{98511B1F-1E78-4326-AE57-3BFFC78F9282}.Debug|Any CPU.Build.0 = Debug|Any CPU
		{98511B1F-1E78-4326-AE57-3BFFC78F9282}.Release|Any CPU.ActiveCfg = Release|Any CPU
		{98511B1F-1E78-4326-AE57-3BFFC78F9282}.Release|Any CPU.Build.0 = Release|Any CPU
	EndGlobalSection
	GlobalSection(SolutionProperties) = preSolution
		HideSolutionNode = FALSE
	EndGlobalSection
	GlobalSection(ExtensibilityGlobals) = postSolution
		SolutionGuid = {0872915C-31A9-405B-BEB1-ADEA42AD7320}
	EndGlobalSection
EndGlobal
